
Microsoft Visual Studio Solution File, Format Version 12.00
# Visual Studio Version 17
VisualStudioVersion = 17.7.34031.279
MinimumVisualStudioVersion = 10.0.40219.1
Project("{FAE04EC0-301F-11D3-BF4B-00C04F79EFBC}") = "lab5", "lab5.csproj", "{3BA09F8F-7A69-4811-8911-3EB36148EB91}"
EndProject
Global
	GlobalSection(SolutionConfigurationPlatforms) = preSolution
		Debug|Any CPU = Debug|Any CPU
		Release|Any CPU = Release|Any CPU
	EndGlobalSection
	GlobalSection(ProjectConfigurationPlatforms) = postSolution
		{3BA09F8F-7A69-4811-8911-3EB36148EB91}.Debug|Any CPU.ActiveCfg = Debug|Any CPU
		{3BA09F8F-7A69-4811-8911-3EB36148EB91}.Debug|Any CPU.Build.0 = Debug|Any CPU
		{3BA09F8F-7A69-4811-8911-3EB36148EB91}.Release|Any CPU.ActiveCfg = Release|Any CPU
		{3BA09F8F-7A69-4811-8911-3EB36148EB91}.Release|Any CPU.Build.0 = Release|Any CPU
	EndGlobalSection
	GlobalSection(SolutionProperties) = preSolution
		HideSolutionNode = FALSE
	EndGlobalSection
	GlobalSection(ExtensibilityGlobals) = postSolution
		SolutionGuid = {2E190A77-E066-4D37-973E-581013BD4686}
	EndGlobalSection
EndGlobal
